
Microsoft Visual Studio Solution File, Format Version 12.00
# Visual Studio 2013
VisualStudioVersion = 12.0.30723.0
MinimumVisualStudioVersion = 10.0.40219.1
Project("{00D1A9C2-B5F0-4AF3-8072-F6C62B433612}") = "AzureData", "AzureData\AzureData.sqlproj", "{793C0668-FC02-4150-8BCC-D0DD5C370CFE}"
EndProject
Project("{FAE04EC0-301F-11D3-BF4B-00C04F79EFBC}") = "Registration", "Registration\Registration.csproj", "{D2B8322E-0104-4F8E-A4FA-4436A0C6E0F2}"
EndProject
Global
	GlobalSection(SolutionConfigurationPlatforms) = preSolution
		Debug|Any CPU = Debug|Any CPU
		Release|Any CPU = Release|Any CPU
	EndGlobalSection
	GlobalSection(ProjectConfigurationPlatforms) = postSolution
		{793C0668-FC02-4150-8BCC-D0DD5C370CFE}.Debug|Any CPU.ActiveCfg = Debug|Any CPU
		{793C0668-FC02-4150-8BCC-D0DD5C370CFE}.Debug|Any CPU.Build.0 = Debug|Any CPU
		{793C0668-FC02-4150-8BCC-D0DD5C370CFE}.Debug|Any CPU.Deploy.0 = Debug|Any CPU
		{793C0668-FC02-4150-8BCC-D0DD5C370CFE}.Release|Any CPU.ActiveCfg = Release|Any CPU
		{793C0668-FC02-4150-8BCC-D0DD5C370CFE}.Release|Any CPU.Build.0 = Release|Any CPU
		{793C0668-FC02-4150-8BCC-D0DD5C370CFE}.Release|Any CPU.Deploy.0 = Release|Any CPU
		{D2B8322E-0104-4F8E-A4FA-4436A0C6E0F2}.Debug|Any CPU.ActiveCfg = Debug|Any CPU
		{D2B8322E-0104-4F8E-A4FA-4436A0C6E0F2}.Debug|Any CPU.Build.0 = Debug|Any CPU
		{D2B8322E-0104-4F8E-A4FA-4436A0C6E0F2}.Release|Any CPU.ActiveCfg = Release|Any CPU
		{D2B8322E-0104-4F8E-A4FA-4436A0C6E0F2}.Release|Any CPU.Build.0 = Release|Any CPU
	EndGlobalSection
	GlobalSection(SolutionProperties) = preSolution
		HideSolutionNode = FALSE
	EndGlobalSection
EndGlobal
